{
  "pins" : [
    {
      "identity" : "alamofire",
      "kind" : "remoteSourceControl",
      "location" : "https://github.com/Alamofire/Alamofire.git",
      "state" : {
        "revision" : "f455c2975872ccd2d9c81594c658af65716e9b9a",
        "version" : "5.9.1"
      }
    },
    {
      "identity" : "bluecryptor",
      "kind" : "remoteSourceControl",
      "location" : "https://github.com/Kitura/BlueCryptor.git",
      "state" : {
        "revision" : "cec97c24b111351e70e448972a7d3fe68a756d6d",
        "version" : "2.0.2"
      }
    },
    {
      "identity" : "blueecc",
      "kind" : "remoteSourceControl",
      "location" : "https://github.com/Kitura/BlueECC.git",
      "state" : {
        "revision" : "1485268a54f8135435a825a855e733f026fa6cc8",
        "version" : "1.2.201"
      }
    },
    {
      "identity" : "bluersa",
      "kind" : "remoteSourceControl",
      "location" : "https://github.com/Kitura/BlueRSA.git",
      "state" : {
        "revision" : "440f78db26d8bb073f29590f1c7bd31004da09ae",
        "version" : "1.0.201"
      }
    },
    {
      "identity" : "flexlayout",
      "kind" : "remoteSourceControl",
      "location" : "https://github.com/layoutBox/FlexLayout.git",
      "state" : {
        "revision" : "9b46c098c0471b847e6feee49692ae239633bae3",
        "version" : "2.0.10"
      }
    },
    {
      "identity" : "kituracontracts",
      "kind" : "remoteSourceControl",
      "location" : "https://github.com/Kitura/KituraContracts.git",
      "state" : {
        "revision" : "6edf7ac3dd2b3a2c61284778d430bbad7d8a6f23",
        "version" : "2.0.1"
      }
    },
    {
      "identity" : "loggerapi",
      "kind" : "remoteSourceControl",
      "location" : "https://github.com/Kitura/LoggerAPI.git",
      "state" : {
        "revision" : "4e6b45e850ffa275e8e26a24c6454fd709d5b6ac",
        "version" : "2.0.0"
      }
    },
    {
      "identity" : "moya",
      "kind" : "remoteSourceControl",
      "location" : "https://github.com/Moya/Moya.git",
      "state" : {
        "revision" : "c263811c1f3dbf002be9bd83107f7cdc38992b26",
        "version" : "15.0.3"
      }
    },
    {
      "identity" : "pinlayout",
      "kind" : "remoteSourceControl",
      "location" : "https://github.com/layoutBox/PinLayout.git",
      "state" : {
        "revision" : "8eaa3a15e4dcabaca4c95aea4c0ff0c9b4a67213",
        "version" : "1.10.5"
      }
    },
    {
      "identity" : "reactiveswift",
      "kind" : "remoteSourceControl",
      "location" : "https://github.com/ReactiveCocoa/ReactiveSwift.git",
      "state" : {
        "revision" : "c43bae3dac73fdd3cb906bd5a1914686ca71ed3c",
        "version" : "6.7.0"
      }
    },
    {
      "identity" : "reactorkit",
      "kind" : "remoteSourceControl",
      "location" : "https://github.com/ReactorKit/ReactorKit.git",
      "state" : {
        "revision" : "8fa33f09c6f6621a2aa536d739956d53b84dd139",
        "version" : "3.2.0"
      }
    },
    {
      "identity" : "rxswift",
      "kind" : "remoteSourceControl",
      "location" : "https://github.com/ReactiveX/RxSwift.git",
      "state" : {
        "revision" : "b06a8c8596e4c3e8e7788e08e720e3248563ce6a",
        "version" : "6.7.1"
      }
    },
    {
      "identity" : "swift-jwt",
      "kind" : "remoteSourceControl",
      "location" : "https://github.com/Kitura/Swift-JWT.git",
      "state" : {
        "revision" : "f68ec28fbd90a651597e9e825ea7f315f8d52a1f",
        "version" : "4.0.1"
      }
    },
    {
      "identity" : "swift-log",
      "kind" : "remoteSourceControl",
      "location" : "https://github.com/apple/swift-log.git",
      "state" : {
        "revision" : "9cb486020ebf03bfa5b5df985387a14a98744537",
        "version" : "1.6.1"
      }
    },
    {
      "identity" : "then",
      "kind" : "remoteSourceControl",
      "location" : "https://github.com/devxoul/Then.git",
      "state" : {
        "revision" : "d41ef523faef0f911369f79c0b96815d9dbb6d7a",
        "version" : "3.0.0"
      }
    },
    {
      "identity" : "weakmaptable",
      "kind" : "remoteSourceControl",
      "location" : "https://github.com/ReactorKit/WeakMapTable.git",
      "state" : {
        "revision" : "cb05d64cef2bbf51e85c53adee937df46540a74e",
        "version" : "1.2.1"
      }
    }
  ],
  "version" : 2
}
